
Microsoft Visual Studio Solution File, Format Version 12.00
# Visual Studio Version 16
VisualStudioVersion = 16.0.29911.84
MinimumVisualStudioVersion = 10.0.40219.1
Project("{FAE04EC0-301F-11D3-BF4B-00C04F79EFBC}") = "WInLOTGrid", "WInLOTGrid\WInLOTGrid.csproj", "{1D107006-ED6A-4D71-9F16-5975A2E9DCC2}"
EndProject
Global
	GlobalSection(SolutionConfigurationPlatforms) = preSolution
		Debug|Any CPU = Debug|Any CPU
		Release|Any CPU = Release|Any CPU
	EndGlobalSection
	GlobalSection(ProjectConfigurationPlatforms) = postSolution
		{1D107006-ED6A-4D71-9F16-5975A2E9DCC2}.Debug|Any CPU.ActiveCfg = Debug|Any CPU
		{1D107006-ED6A-4D71-9F16-5975A2E9DCC2}.Debug|Any CPU.Build.0 = Debug|Any CPU
		{1D107006-ED6A-4D71-9F16-5975A2E9DCC2}.Release|Any CPU.ActiveCfg = Release|Any CPU
		{1D107006-ED6A-4D71-9F16-5975A2E9DCC2}.Release|Any CPU.Build.0 = Release|Any CPU
	EndGlobalSection
	GlobalSection(SolutionProperties) = preSolution
		HideSolutionNode = FALSE
	EndGlobalSection
	GlobalSection(ExtensibilityGlobals) = postSolution
		SolutionGuid = {44198813-78BC-40A0-9904-722DBBC40318}
	EndGlobalSection
EndGlobal
